
Microsoft Visual Studio Solution File, Format Version 12.00
Project("{FAE04EC0-301F-11D3-BF4B-00C04F79EFBC}") = "ElderSwaps.Tests", "ElderSwaps.Tests\ElderSwaps.Tests.csproj", "{ED40510B-D155-414B-902A-35250831FD62}"
EndProject
Global
	GlobalSection(SolutionConfigurationPlatforms) = preSolution
		Debug|Any CPU = Debug|Any CPU
		Release|Any CPU = Release|Any CPU
	EndGlobalSection
	GlobalSection(ProjectConfigurationPlatforms) = postSolution
		{ED40510B-D155-414B-902A-35250831FD62}.Debug|Any CPU.ActiveCfg = Debug|Any CPU
		{ED40510B-D155-414B-902A-35250831FD62}.Debug|Any CPU.Build.0 = Debug|Any CPU
		{ED40510B-D155-414B-902A-35250831FD62}.Release|Any CPU.ActiveCfg = Release|Any CPU
		{ED40510B-D155-414B-902A-35250831FD62}.Release|Any CPU.Build.0 = Release|Any CPU
	EndGlobalSection
EndGlobal
